// !$*UTF8*$!
{
	archiveVersion = 1;
	classes = {
	};
	objectVersion = 48;
	objects = {

/* Begin PBXBuildFile section */
		E808AE0E2052B5F50040D14A /* AppDelegate.m in Sources */ = {isa = PBXBuildFile; fileRef = E808AE0D2052B5F50040D14A /* AppDelegate.m */; };
		E808AE142052B5F50040D14A /* Main.storyboard in Resources */ = {isa = PBXBuildFile; fileRef = E808AE122052B5F50040D14A /* Main.storyboard */; };
		E808AE162052B5F50040D14A /* Assets.xcassets in Resources */ = {isa = PBXBuildFile; fileRef = E808AE152052B5F50040D14A /* Assets.xcassets */; };
		E808AE192052B5F50040D14A /* LaunchScreen.storyboard in Resources */ = {isa = PBXBuildFile; fileRef = E808AE172052B5F50040D14A /* LaunchScreen.storyboard */; };
		E808AE1C2052B5F50040D14A /* main.m in Sources */ = {isa = PBXBuildFile; fileRef = E808AE1B2052B5F50040D14A /* main.m */; };
		E808AE292052B96E0040D14A /* SISwizzling.m in Sources */ = {isa = PBXBuildFile; fileRef = E808AE282052B96E0040D14A /* SISwizzling.m */; };
		E808AE2D2052C2020040D14A /* UIView+Guard.m in Sources */ = {isa = PBXBuildFile; fileRef = E808AE2C2052C2020040D14A /* UIView+Guard.m */; };
		E886AF2F205CB46F007D5BF7 /* SIRecord.m in Sources */ = {isa = PBXBuildFile; fileRef = E886AF2E205CB46F007D5BF7 /* SIRecord.m */; };
		E886AF36205CB56F007D5BF7 /* SICrashGuardManager.m in Sources */ = {isa = PBXBuildFile; fileRef = E886AF35205CB56F007D5BF7 /* SICrashGuardManager.m */; };
		E886AF3A205CC4C2007D5BF7 /* SICallStackManager.m in Sources */ = {isa = PBXBuildFile; fileRef = E886AF39205CC4C2007D5BF7 /* SICallStackManager.m */; };
		E8CB33C7205403F500A9F165 /* SIDynamicObject.m in Sources */ = {isa = PBXBuildFile; fileRef = E8CB33C6205403F500A9F165 /* SIDynamicObject.m */; };
		E8CB33CB20540D0900A9F165 /* NSObject+Unrecoginzed.m in Sources */ = {isa = PBXBuildFile; fileRef = E8CB33CA20540D0900A9F165 /* NSObject+Unrecoginzed.m */; };
		E8CB33CF2054171800A9F165 /* NSNotificationCenter+Remover.m in Sources */ = {isa = PBXBuildFile; fileRef = E8CB33CE2054171800A9F165 /* NSNotificationCenter+Remover.m */; };
		E8CB33D32056B4D800A9F165 /* NSObject+KVO.m in Sources */ = {isa = PBXBuildFile; fileRef = E8CB33D22056B4D800A9F165 /* NSObject+KVO.m */; };
		E8CB33D72056C3E300A9F165 /* NSTimer+Proxy.m in Sources */ = {isa = PBXBuildFile; fileRef = E8CB33D62056C3E300A9F165 /* NSTimer+Proxy.m */; };
		E8CB33DB2056CADD00A9F165 /* NSNull+Guard.m in Sources */ = {isa = PBXBuildFile; fileRef = E8CB33DA2056CADD00A9F165 /* NSNull+Guard.m */; };
		E8CB33DF2058055B00A9F165 /* NSArray+Guard.m in Sources */ = {isa = PBXBuildFile; fileRef = E8CB33DE2058055B00A9F165 /* NSArray+Guard.m */; };
		E8CB33E22058116000A9F165 /* NSString+Guard.m in Sources */ = {isa = PBXBuildFile; fileRef = E8CB33E12058116000A9F165 /* NSString+Guard.m */; };
		E8CB33E520595BFE00A9F165 /* NSDictionary+Guard.m in Sources */ = {isa = PBXBuildFile; fileRef = E8CB33E420595BFE00A9F165 /* NSDictionary+Guard.m */; };
		E8CB33E82059638A00A9F165 /* NSCache+Guard.m in Sources */ = {isa = PBXBuildFile; fileRef = E8CB33E72059638A00A9F165 /* NSCache+Guard.m */; };
		E8CB33EC205964EF00A9F165 /* NSObject+WildPointer.mm in Sources */ = {isa = PBXBuildFile; fileRef = E8CB33EB205964EF00A9F165 /* NSObject+WildPointer.mm */; settings = {COMPILER_FLAGS = "-fno-objc-arc"; }; };
		E8CB33EF205964FA00A9F165 /* SIWildPointer.m in Sources */ = {isa = PBXBuildFile; fileRef = E8CB33EE205964FA00A9F165 /* SIWildPointer.m */; };
/* End PBXBuildFile section */

/* Begin PBXFileReference section */
		E808AE092052B5F50040D14A /* Demo.app */ = {isa = PBXFileReference; explicitFileType = wrapper.application; includeInIndex = 0; path = Demo.app; sourceTree = BUILT_PRODUCTS_DIR; };
		E808AE0C2052B5F50040D14A /* AppDelegate.h */ = {isa = PBXFileReference; lastKnownFileType = sourcecode.c.h; path = AppDelegate.h; sourceTree = "<group>"; };
		E808AE0D2052B5F50040D14A /* AppDelegate.m */ = {isa = PBXFileReference; lastKnownFileType = sourcecode.c.objc; path = AppDelegate.m; sourceTree = "<group>"; };
		E808AE132052B5F50040D14A /* Base */ = {isa = PBXFileReference; lastKnownFileType = file.storyboard; name = Base; path = Base.lproj/Main.storyboard; sourceTree = "<group>"; };
		E808AE152052B5F50040D14A /* Assets.xcassets */ = {isa = PBXFileReference; lastKnownFileType = folder.assetcatalog; path = Assets.xcassets; sourceTree = "<group>"; };
		E808AE182052B5F50040D14A /* Base */ = {isa = PBXFileReference; lastKnownFileType = file.storyboard; name = Base; path = Base.lproj/LaunchScreen.storyboard; sourceTree = "<group>"; };
		E808AE1A2052B5F50040D14A /* Info.plist */ = {isa = PBXFileReference; lastKnownFileType = text.plist.xml; path = Info.plist; sourceTree = "<group>"; };
		E808AE1B2052B5F50040D14A /* main.m */ = {isa = PBXFileReference; lastKnownFileType = sourcecode.c.objc; path = main.m; sourceTree = "<group>"; };
		E808AE262052B9060040D14A /* SIMetamacros.h */ = {isa = PBXFileReference; lastKnownFileType = sourcecode.c.h; path = SIMetamacros.h; sourceTree = "<group>"; };
		E808AE272052B96E0040D14A /* SISwizzling.h */ = {isa = PBXFileReference; lastKnownFileType = sourcecode.c.h; path = SISwizzling.h; sourceTree = "<group>"; };
		E808AE282052B96E0040D14A /* SISwizzling.m */ = {isa = PBXFileReference; lastKnownFileType = sourcecode.c.objc; path = SISwizzling.m; sourceTree = "<group>"; };
		E808AE2C2052C2020040D14A /* UIView+Guard.m */ = {isa = PBXFileReference; lastKnownFileType = sourcecode.c.objc; path = "UIView+Guard.m"; sourceTree = "<group>"; };
		E886AF2D205CB46F007D5BF7 /* SIRecord.h */ = {isa = PBXFileReference; lastKnownFileType = sourcecode.c.h; path = SIRecord.h; sourceTree = "<group>"; };
		E886AF2E205CB46F007D5BF7 /* SIRecord.m */ = {isa = PBXFileReference; lastKnownFileType = sourcecode.c.objc; path = SIRecord.m; sourceTree = "<group>"; };
		E886AF34205CB56F007D5BF7 /* SICrashGuardManager.h */ = {isa = PBXFileReference; lastKnownFileType = sourcecode.c.h; path = SICrashGuardManager.h; sourceTree = "<group>"; };
		E886AF35205CB56F007D5BF7 /* SICrashGuardManager.m */ = {isa = PBXFileReference; lastKnownFileType = sourcecode.c.objc; path = SICrashGuardManager.m; sourceTree = "<group>"; };
		E886AF38205CC4C2007D5BF7 /* SICallStackManager.h */ = {isa = PBXFileReference; fileEncoding = 4; lastKnownFileType = sourcecode.c.h; path = SICallStackManager.h; sourceTree = "<group>"; };
		E886AF39205CC4C2007D5BF7 /* SICallStackManager.m */ = {isa = PBXFileReference; fileEncoding = 4; lastKnownFileType = sourcecode.c.objc; path = SICallStackManager.m; sourceTree = "<group>"; };
		E8CB33C5205403F500A9F165 /* SIDynamicObject.h */ = {isa = PBXFileReference; lastKnownFileType = sourcecode.c.h; path = SIDynamicObject.h; sourceTree = "<group>"; };
		E8CB33C6205403F500A9F165 /* SIDynamicObject.m */ = {isa = PBXFileReference; lastKnownFileType = sourcecode.c.objc; path = SIDynamicObject.m; sourceTree = "<group>"; };
		E8CB33CA20540D0900A9F165 /* NSObject+Unrecoginzed.m */ = {isa = PBXFileReference; lastKnownFileType = sourcecode.c.objc; path = "NSObject+Unrecoginzed.m"; sourceTree = "<group>"; };
		E8CB33CE2054171800A9F165 /* NSNotificationCenter+Remover.m */ = {isa = PBXFileReference; lastKnownFileType = sourcecode.c.objc; path = "NSNotificationCenter+Remover.m"; sourceTree = "<group>"; };
		E8CB33D22056B4D800A9F165 /* NSObject+KVO.m */ = {isa = PBXFileReference; lastKnownFileType = sourcecode.c.objc; path = "NSObject+KVO.m"; sourceTree = "<group>"; };
		E8CB33D62056C3E300A9F165 /* NSTimer+Proxy.m */ = {isa = PBXFileReference; lastKnownFileType = sourcecode.c.objc; path = "NSTimer+Proxy.m"; sourceTree = "<group>"; };
		E8CB33DA2056CADD00A9F165 /* NSNull+Guard.m */ = {isa = PBXFileReference; lastKnownFileType = sourcecode.c.objc; path = "NSNull+Guard.m"; sourceTree = "<group>"; };
		E8CB33DE2058055B00A9F165 /* NSArray+Guard.m */ = {isa = PBXFileReference; lastKnownFileType = sourcecode.c.objc; path = "NSArray+Guard.m"; sourceTree = "<group>"; };
		E8CB33E12058116000A9F165 /* NSString+Guard.m */ = {isa = PBXFileReference; lastKnownFileType = sourcecode.c.objc; path = "NSString+Guard.m"; sourceTree = "<group>"; };
		E8CB33E420595BFE00A9F165 /* NSDictionary+Guard.m */ = {isa = PBXFileReference; lastKnownFileType = sourcecode.c.objc; path = "NSDictionary+Guard.m"; sourceTree = "<group>"; };
		E8CB33E72059638A00A9F165 /* NSCache+Guard.m */ = {isa = PBXFileReference; lastKnownFileType = sourcecode.c.objc; path = "NSCache+Guard.m"; sourceTree = "<group>"; };
		E8CB33EA205964EF00A9F165 /* NSObject+WildPointer.h */ = {isa = PBXFileReference; lastKnownFileType = sourcecode.c.h; path = "NSObject+WildPointer.h"; sourceTree = "<group>"; };
		E8CB33EB205964EF00A9F165 /* NSObject+WildPointer.mm */ = {isa = PBXFileReference; lastKnownFileType = sourcecode.cpp.objcpp; path = "NSObject+WildPointer.mm"; sourceTree = "<group>"; };
		E8CB33ED205964FA00A9F165 /* SIWildPointer.h */ = {isa = PBXFileReference; lastKnownFileType = sourcecode.c.h; path = SIWildPointer.h; sourceTree = "<group>"; };
		E8CB33EE205964FA00A9F165 /* SIWildPointer.m */ = {isa = PBXFileReference; lastKnownFileType = sourcecode.c.objc; path = SIWildPointer.m; sourceTree = "<group>"; };
/* End PBXFileReference section */

/* Begin PBXFrameworksBuildPhase section */
		E808AE062052B5F50040D14A /* Frameworks */ = {
			isa = PBXFrameworksBuildPhase;
			buildActionMask = 2147483647;
			files = (
			);
			runOnlyForDeploymentPostprocessing = 0;
		};
/* End PBXFrameworksBuildPhase section */

/* Begin PBXGroup section */
		E808AE002052B5F50040D14A = {
			isa = PBXGroup;
			children = (
				E808AE222052B63D0040D14A /* SICrashGuard */,
				E808AE0B2052B5F50040D14A /* Demo */,
				E808AE0A2052B5F50040D14A /* Products */,
			);
			sourceTree = "<group>";
		};
		E808AE0A2052B5F50040D14A /* Products */ = {
			isa = PBXGroup;
			children = (
				E808AE092052B5F50040D14A /* Demo.app */,
			);
			name = Products;
			sourceTree = "<group>";
		};
		E808AE0B2052B5F50040D14A /* Demo */ = {
			isa = PBXGroup;
			children = (
				E808AE242052B6960040D14A /* Others */,
				E808AE232052B6860040D14A /* Resource */,
				E808AE1A2052B5F50040D14A /* Info.plist */,
			);
			path = Demo;
			sourceTree = "<group>";
		};
		E808AE222052B63D0040D14A /* SICrashGuard */ = {
			isa = PBXGroup;
			children = (
				E886AF37205CC4C2007D5BF7 /* CallStack */,
				E886AF33205CB4B2007D5BF7 /* Manager */,
				E886AF2C205CB441007D5BF7 /* Record */,
				E8CB33E92059645700A9F165 /* WildPointer */,
				E8CB33DC2058053000A9F165 /* Containers */,
				E8CB33D82056CAC600A9F165 /* NSNull */,
				E8CB33D42056C39B00A9F165 /* NSTimer */,
				E8CB33D02056B31F00A9F165 /* KVO */,
				E8CB33CC205416F100A9F165 /* Notification */,
				E8CB33C820540BAF00A9F165 /* Unrecoginzed */,
				E808AE2A2052C1D90040D14A /* UI */,
				E8CB33C42054033900A9F165 /* DynamicClass */,
				E808AE252052B8EF0040D14A /* Swizzle */,
			);
			path = SICrashGuard;
			sourceTree = "<group>";
		};
		E808AE232052B6860040D14A /* Resource */ = {
			isa = PBXGroup;
			children = (
				E808AE122052B5F50040D14A /* Main.storyboard */,
				E808AE152052B5F50040D14A /* Assets.xcassets */,
				E808AE172052B5F50040D14A /* LaunchScreen.storyboard */,
			);
			path = Resource;
			sourceTree = "<group>";
		};
		E808AE242052B6960040D14A /* Others */ = {
			isa = PBXGroup;
			children = (
				E808AE0C2052B5F50040D14A /* AppDelegate.h */,
				E808AE0D2052B5F50040D14A /* AppDelegate.m */,
				E808AE1B2052B5F50040D14A /* main.m */,
			);
			path = Others;
			sourceTree = "<group>";
		};
		E808AE252052B8EF0040D14A /* Swizzle */ = {
			isa = PBXGroup;
			children = (
				E808AE262052B9060040D14A /* SIMetamacros.h */,
				E808AE272052B96E0040D14A /* SISwizzling.h */,
				E808AE282052B96E0040D14A /* SISwizzling.m */,
			);
			path = Swizzle;
			sourceTree = "<group>";
		};
		E808AE2A2052C1D90040D14A /* UI */ = {
			isa = PBXGroup;
			children = (
				E808AE2C2052C2020040D14A /* UIView+Guard.m */,
			);
			path = UI;
			sourceTree = "<group>";
		};
		E886AF2C205CB441007D5BF7 /* Record */ = {
			isa = PBXGroup;
			children = (
				E886AF2D205CB46F007D5BF7 /* SIRecord.h */,
				E886AF2E205CB46F007D5BF7 /* SIRecord.m */,
			);
			path = Record;
			sourceTree = "<group>";
		};
		E886AF33205CB4B2007D5BF7 /* Manager */ = {
			isa = PBXGroup;
			children = (
				E886AF34205CB56F007D5BF7 /* SICrashGuardManager.h */,
				E886AF35205CB56F007D5BF7 /* SICrashGuardManager.m */,
			);
			path = Manager;
			sourceTree = "<group>";
		};
		E886AF37205CC4C2007D5BF7 /* CallStack */ = {
			isa = PBXGroup;
			children = (
				E886AF38205CC4C2007D5BF7 /* SICallStackManager.h */,
				E886AF39205CC4C2007D5BF7 /* SICallStackManager.m */,
			);
			path = CallStack;
			sourceTree = "<group>";
		};
		E8CB33C42054033900A9F165 /* DynamicClass */ = {
			isa = PBXGroup;
			children = (
				E8CB33C5205403F500A9F165 /* SIDynamicObject.h */,
				E8CB33C6205403F500A9F165 /* SIDynamicObject.m */,
			);
			path = DynamicClass;
			sourceTree = "<group>";
		};
		E8CB33C820540BAF00A9F165 /* Unrecoginzed */ = {
			isa = PBXGroup;
			children = (
				E8CB33CA20540D0900A9F165 /* NSObject+Unrecoginzed.m */,
			);
			path = Unrecoginzed;
			sourceTree = "<group>";
		};
		E8CB33CC205416F100A9F165 /* Notification */ = {
			isa = PBXGroup;
			children = (
				E8CB33CE2054171800A9F165 /* NSNotificationCenter+Remover.m */,
			);
			path = Notification;
			sourceTree = "<group>";
		};
		E8CB33D02056B31F00A9F165 /* KVO */ = {
			isa = PBXGroup;
			children = (
				E8CB33D22056B4D800A9F165 /* NSObject+KVO.m */,
			);
			path = KVO;
			sourceTree = "<group>";
		};
		E8CB33D42056C39B00A9F165 /* NSTimer */ = {
			isa = PBXGroup;
			children = (
				E8CB33D62056C3E300A9F165 /* NSTimer+Proxy.m */,
			);
			path = NSTimer;
			sourceTree = "<group>";
		};
		E8CB33D82056CAC600A9F165 /* NSNull */ = {
			isa = PBXGroup;
			children = (
				E8CB33DA2056CADD00A9F165 /* NSNull+Guard.m */,
			);
			path = NSNull;
			sourceTree = "<group>";
		};
		E8CB33DC2058053000A9F165 /* Containers */ = {
			isa = PBXGroup;
			children = (
				E8CB33DE2058055B00A9F165 /* NSArray+Guard.m */,
				E8CB33E12058116000A9F165 /* NSString+Guard.m */,
				E8CB33E420595BFE00A9F165 /* NSDictionary+Guard.m */,
				E8CB33E72059638A00A9F165 /* NSCache+Guard.m */,
			);
			path = Containers;
			sourceTree = "<group>";
		};
		E8CB33E92059645700A9F165 /* WildPointer */ = {
			isa = PBXGroup;
			children = (
				E8CB33EA205964EF00A9F165 /* NSObject+WildPointer.h */,
				E8CB33EB205964EF00A9F165 /* NSObject+WildPointer.mm */,
				E8CB33ED205964FA00A9F165 /* SIWildPointer.h */,
				E8CB33EE205964FA00A9F165 /* SIWildPointer.m */,
			);
			path = WildPointer;
			sourceTree = "<group>";
		};
/* End PBXGroup section */

/* Begin PBXNativeTarget section */
		E808AE082052B5F50040D14A /* Demo */ = {
			isa = PBXNativeTarget;
			buildConfigurationList = E808AE1F2052B5F50040D14A /* Build configuration list for PBXNativeTarget "Demo" */;
			buildPhases = (
				E808AE052052B5F50040D14A /* Sources */,
				E808AE062052B5F50040D14A /* Frameworks */,
				E808AE072052B5F50040D14A /* Resources */,
			);
			buildRules = (
			);
			dependencies = (
			);
			name = Demo;
			productName = Demo;
			productReference = E808AE092052B5F50040D14A /* Demo.app */;
			productType = "com.apple.product-type.application";
		};
/* End PBXNativeTarget section */

/* Begin PBXProject section */
		E808AE012052B5F50040D14A /* Project object */ = {
			isa = PBXProject;
			attributes = {
				LastUpgradeCheck = 0920;
				ORGANIZATIONNAME = Silence;
				TargetAttributes = {
					E808AE082052B5F50040D14A = {
						CreatedOnToolsVersion = 9.2;
						ProvisioningStyle = Automatic;
					};
				};
			};
			buildConfigurationList = E808AE042052B5F50040D14A /* Build configuration list for PBXProject "Demo" */;
			compatibilityVersion = "Xcode 8.0";
			developmentRegion = en;
			hasScannedForEncodings = 0;
			knownRegions = (
				en,
				Base,
			);
			mainGroup = E808AE002052B5F50040D14A;
			productRefGroup = E808AE0A2052B5F50040D14A /* Products */;
			projectDirPath = "";
			projectRoot = "";
			targets = (
				E808AE082052B5F50040D14A /* Demo */,
			);
		};
/* End PBXProject section */

/* Begin PBXResourcesBuildPhase section */
		E808AE072052B5F50040D14A /* Resources */ = {
			isa = PBXResourcesBuildPhase;
			buildActionMask = 2147483647;
			files = (
				E808AE192052B5F50040D14A /* LaunchScreen.storyboard in Resources */,
				E808AE162052B5F50040D14A /* Assets.xcassets in Resources */,
				E808AE142052B5F50040D14A /* Main.storyboard in Resources */,
			);
			runOnlyForDeploymentPostprocessing = 0;
		};
/* End PBXResourcesBuildPhase section */

/* Begin PBXSourcesBuildPhase section */
		E808AE052052B5F50040D14A /* Sources */ = {
			isa = PBXSourcesBuildPhase;
			buildActionMask = 2147483647;
			files = (
				E8CB33D72056C3E300A9F165 /* NSTimer+Proxy.m in Sources */,
				E8CB33E22058116000A9F165 /* NSString+Guard.m in Sources */,
				E8CB33EC205964EF00A9F165 /* NSObject+WildPointer.mm in Sources */,
				E808AE2D2052C2020040D14A /* UIView+Guard.m in Sources */,
				E8CB33CF2054171800A9F165 /* NSNotificationCenter+Remover.m in Sources */,
				E808AE1C2052B5F50040D14A /* main.m in Sources */,
				E808AE292052B96E0040D14A /* SISwizzling.m in Sources */,
				E8CB33EF205964FA00A9F165 /* SIWildPointer.m in Sources */,
				E8CB33D32056B4D800A9F165 /* NSObject+KVO.m in Sources */,
				E8CB33E520595BFE00A9F165 /* NSDictionary+Guard.m in Sources */,
				E808AE0E2052B5F50040D14A /* AppDelegate.m in Sources */,
				E8CB33CB20540D0900A9F165 /* NSObject+Unrecoginzed.m in Sources */,
				E8CB33C7205403F500A9F165 /* SIDynamicObject.m in Sources */,
				E8CB33E82059638A00A9F165 /* NSCache+Guard.m in Sources */,
				E8CB33DB2056CADD00A9F165 /* NSNull+Guard.m in Sources */,
				E8CB33DF2058055B00A9F165 /* NSArray+Guard.m in Sources */,
				E886AF2F205CB46F007D5BF7 /* SIRecord.m in Sources */,
				E886AF3A205CC4C2007D5BF7 /* SICallStackManager.m in Sources */,
				E886AF36205CB56F007D5BF7 /* SICrashGuardManager.m in Sources */,
			);
			runOnlyForDeploymentPostprocessing = 0;
		};
/* End PBXSourcesBuildPhase section */

/* Begin PBXVariantGroup section */
		E808AE122052B5F50040D14A /* Main.storyboard */ = {
			isa = PBXVariantGroup;
			children = (
				E808AE132052B5F50040D14A /* Base */,
			);
			name = Main.storyboard;
			sourceTree = "<group>";
		};
		E808AE172052B5F50040D14A /* LaunchScreen.storyboard */ = {
			isa = PBXVariantGroup;
			children = (
				E808AE182052B5F50040D14A /* Base */,
			);
			name = LaunchScreen.storyboard;
			sourceTree = "<group>";
		};
/* End PBXVariantGroup section */

/* Begin XCBuildConfiguration section */
		E808AE1D2052B5F50040D14A /* Debug */ = {
			isa = XCBuildConfiguration;
			buildSettings = {
				ALWAYS_SEARCH_USER_PATHS = NO;
				CLANG_ANALYZER_NONNULL = YES;
				CLANG_ANALYZER_NUMBER_OBJECT_CONVERSION = YES_AGGRESSIVE;
				CLANG_CXX_LANGUAGE_STANDARD = "gnu++14";
				CLANG_CXX_LIBRARY = "libc++";
				CLANG_ENABLE_MODULES = YES;
				CLANG_ENABLE_OBJC_ARC = YES;
				CLANG_WARN_BLOCK_CAPTURE_AUTORELEASING = YES;
				CLANG_WARN_BOOL_CONVERSION = YES;
				CLANG_WARN_COMMA = YES;
				CLANG_WARN_CONSTANT_CONVERSION = YES;
				CLANG_WARN_DIRECT_OBJC_ISA_USAGE = YES_ERROR;
				CLANG_WARN_DOCUMENTATION_COMMENTS = YES;
				CLANG_WARN_EMPTY_BODY = YES;
				CLANG_WARN_ENUM_CONVERSION = YES;
				CLANG_WARN_INFINITE_RECURSION = YES;
				CLANG_WARN_INT_CONVERSION = YES;
				CLANG_WARN_NON_LITERAL_NULL_CONVERSION = YES;
				CLANG_WARN_OBJC_LITERAL_CONVERSION = YES;
				CLANG_WARN_OBJC_ROOT_CLASS = YES_ERROR;
				CLANG_WARN_RANGE_LOOP_ANALYSIS = YES;
				CLANG_WARN_STRICT_PROTOTYPES = YES;
				CLANG_WARN_SUSPICIOUS_MOVE = YES;
				CLANG_WARN_UNGUARDED_AVAILABILITY = YES_AGGRESSIVE;
				CLANG_WARN_UNREACHABLE_CODE = YES;
				CLANG_WARN__DUPLICATE_METHOD_MATCH = YES;
				CODE_SIGN_IDENTITY = "iPhone Developer";
				COPY_PHASE_STRIP = NO;
				DEBUG_INFORMATION_FORMAT = dwarf;
				ENABLE_STRICT_OBJC_MSGSEND = YES;
				ENABLE_TESTABILITY = YES;
				GCC_C_LANGUAGE_STANDARD = gnu11;
				GCC_DYNAMIC_NO_PIC = NO;
				GCC_NO_COMMON_BLOCKS = YES;
				GCC_OPTIMIZATION_LEVEL = 0;
				GCC_PREPROCESSOR_DEFINITIONS = (
					"DEBUG=1",
					"$(inherited)",
				);
				GCC_WARN_64_TO_32_BIT_CONVERSION = YES;
				GCC_WARN_ABOUT_RETURN_TYPE = YES_ERROR;
				GCC_WARN_UNDECLARED_SELECTOR = YES;
				GCC_WARN_UNINITIALIZED_AUTOS = YES_AGGRESSIVE;
				GCC_WARN_UNUSED_FUNCTION = YES;
				GCC_WARN_UNUSED_VARIABLE = YES;
				IPHONEOS_DEPLOYMENT_TARGET = 11.2;
				MTL_ENABLE_DEBUG_INFO = YES;
				ONLY_ACTIVE_ARCH = YES;
				SDKROOT = iphoneos;
			};
			name = Debug;
		};
		E808AE1E2052B5F50040D14A /* Release */ = {
			isa = XCBuildConfiguration;
			buildSettings = {
				ALWAYS_SEARCH_USER_PATHS = NO;
				CLANG_ANALYZER_NONNULL = YES;
				CLANG_ANALYZER_NUMBER_OBJECT_CONVERSION = YES_AGGRESSIVE;
				CLANG_CXX_LANGUAGE_STANDARD = "gnu++14";
				CLANG_CXX_LIBRARY = "libc++";
				CLANG_ENABLE_MODULES = YES;
				CLANG_ENABLE_OBJC_ARC = YES;
				CLANG_WARN_BLOCK_CAPTURE_AUTORELEASING = YES;
				CLANG_WARN_BOOL_CONVERSION = YES;
				CLANG_WARN_COMMA = YES;
				CLANG_WARN_CONSTANT_CONVERSION = YES;
				CLANG_WARN_DIRECT_OBJC_ISA_USAGE = YES_ERROR;
				CLANG_WARN_DOCUMENTATION_COMMENTS = YES;
				CLANG_WARN_EMPTY_BODY = YES;
				CLANG_WARN_ENUM_CONVERSION = YES;
				CLANG_WARN_INFINITE_RECURSION = YES;
				CLANG_WARN_INT_CONVERSION = YES;
				CLANG_WARN_NON_LITERAL_NULL_CONVERSION = YES;
				CLANG_WARN_OBJC_LITERAL_CONVERSION = YES;
				CLANG_WARN_OBJC_ROOT_CLASS = YES_ERROR;
				CLANG_WARN_RANGE_LOOP_ANALYSIS = YES;
				CLANG_WARN_STRICT_PROTOTYPES = YES;
				CLANG_WARN_SUSPICIOUS_MOVE = YES;
				CLANG_WARN_UNGUARDED_AVAILABILITY = YES_AGGRESSIVE;
				CLANG_WARN_UNREACHABLE_CODE = YES;
				CLANG_WARN__DUPLICATE_METHOD_MATCH = YES;
				CODE_SIGN_IDENTITY = "iPhone Developer";
				COPY_PHASE_STRIP = NO;
				DEBUG_INFORMATION_FORMAT = "dwarf-with-dsym";
				ENABLE_NS_ASSERTIONS = NO;
				ENABLE_STRICT_OBJC_MSGSEND = YES;
				GCC_C_LANGUAGE_STANDARD = gnu11;
				GCC_NO_COMMON_BLOCKS = YES;
				GCC_WARN_64_TO_32_BIT_CONVERSION = YES;
				GCC_WARN_ABOUT_RETURN_TYPE = YES_ERROR;
				GCC_WARN_UNDECLARED_SELECTOR = YES;
				GCC_WARN_UNINITIALIZED_AUTOS = YES_AGGRESSIVE;
				GCC_WARN_UNUSED_FUNCTION = YES;
				GCC_WARN_UNUSED_VARIABLE = YES;
				IPHONEOS_DEPLOYMENT_TARGET = 11.2;
				MTL_ENABLE_DEBUG_INFO = NO;
				SDKROOT = iphoneos;
				VALIDATE_PRODUCT = YES;
			};
			name = Release;
		};
		E808AE202052B5F50040D14A /* Debug */ = {
			isa = XCBuildConfiguration;
			buildSettings = {
				ASSETCATALOG_COMPILER_APPICON_NAME = AppIcon;
				CODE_SIGN_STYLE = Automatic;
				INFOPLIST_FILE = Demo/Info.plist;
				LD_RUNPATH_SEARCH_PATHS = "$(inherited) @executable_path/Frameworks";
				PRODUCT_BUNDLE_IDENTIFIER = com.silence.Demo;
				PRODUCT_NAME = "$(TARGET_NAME)";
				TARGETED_DEVICE_FAMILY = "1,2";
			};
			name = Debug;
		};
		E808AE212052B5F50040D14A /* Release */ = {
			isa = XCBuildConfiguration;
			buildSettings = {
				ASSETCATALOG_COMPILER_APPICON_NAME = AppIcon;
				CODE_SIGN_STYLE = Automatic;
				INFOPLIST_FILE = Demo/Info.plist;
				LD_RUNPATH_SEARCH_PATHS = "$(inherited) @executable_path/Frameworks";
				PRODUCT_BUNDLE_IDENTIFIER = com.silence.Demo;
				PRODUCT_NAME = "$(TARGET_NAME)";
				TARGETED_DEVICE_FAMILY = "1,2";
			};
			name = Release;
		};
/* End XCBuildConfiguration section */

/* Begin XCConfigurationList section */
		E808AE042052B5F50040D14A /* Build configuration list for PBXProject "Demo" */ = {
			isa = XCConfigurationList;
			buildConfigurations = (
				E808AE1D2052B5F50040D14A /* Debug */,
				E808AE1E2052B5F50040D14A /* Release */,
			);
			defaultConfigurationIsVisible = 0;
			defaultConfigurationName = Release;
		};
		E808AE1F2052B5F50040D14A /* Build configuration list for PBXNativeTarget "Demo" */ = {
			isa = XCConfigurationList;
			buildConfigurations = (
				E808AE202052B5F50040D14A /* Debug */,
				E808AE212052B5F50040D14A /* Release */,
			);
			defaultConfigurationIsVisible = 0;
			defaultConfigurationName = Release;
		};
/* End XCConfigurationList section */
	};
	rootObject = E808AE012052B5F50040D14A /* Project object */;
}
